
Microsoft Visual Studio Solution File, Format Version 12.00
# Visual Studio 2012
Project("{FAE04EC0-301F-11D3-BF4B-00C04F79EFBC}") = "Domain", "Domain\Domain.csproj", "{7741DAFA-A6BF-4DB5-A3B5-F987B6B315D1}"
EndProject
Project("{FAE04EC0-301F-11D3-BF4B-00C04F79EFBC}") = "DataAccess", "DataAccess\DataAccess.csproj", "{5B16EA32-A18C-4824-87C7-07C4CE61B844}"
EndProject
Project("{FAE04EC0-301F-11D3-BF4B-00C04F79EFBC}") = "Core", "Core\Core.csproj", "{BEA9BB36-C58E-4629-AF41-BB626314D169}"
EndProject
Project("{FAE04EC0-301F-11D3-BF4B-00C04F79EFBC}") = "WebUI", "WebUI\WebUI.csproj", "{7196C972-89CF-43BA-9A83-09C522D9D652}"
EndProject
Project("{FAE04EC0-301F-11D3-BF4B-00C04F79EFBC}") = "Container", "Container\Container.csproj", "{DC8D5DFB-B7E3-4DA6-8761-A1F86D682330}"
EndProject
Project("{FAE04EC0-301F-11D3-BF4B-00C04F79EFBC}") = "DataAccessApi", "DataAccessApi\DataAccessApi.csproj", "{DA09BD15-8C2A-439E-9587-4272F114D9B3}"
EndProject
Project("{FAE04EC0-301F-11D3-BF4B-00C04F79EFBC}") = "DomainApi", "DomainApi\DomainApi.csproj", "{3DC43402-0012-42B1-A854-F755A002F553}"
EndProject
Project("{2150E333-8FDC-42A3-9474-1A3956D46DE8}") = "Tests", "Tests", "{9EF2634E-F01F-4BAE-BBC0-552198D6D145}"
EndProject
Project("{FAE04EC0-301F-11D3-BF4B-00C04F79EFBC}") = "IntegrationTests", "IntegrationTests\IntegrationTests.csproj", "{F18A2806-171F-428B-ACAA-8903C1FFDE35}"
EndProject
Project("{FAE04EC0-301F-11D3-BF4B-00C04F79EFBC}") = "WebApi", "WebApiControllers\WebApi.csproj", "{E0BED223-BA2B-4BD6-A479-22A8B82868D4}"
EndProject
Project("{FAE04EC0-301F-11D3-BF4B-00C04F79EFBC}") = "MvcControllers", "MvcControllers\MvcControllers.csproj", "{35FB5D0F-D41E-4C79-96E4-8164F725B0B3}"
EndProject
Project("{FAE04EC0-301F-11D3-BF4B-00C04F79EFBC}") = "ValidationTests", "ValidationTests\ValidationTests.csproj", "{796941A7-C22D-4B87-BA84-3C4B0DA978FF}"
EndProject
Project("{2150E333-8FDC-42A3-9474-1A3956D46DE8}") = ".nuget", ".nuget", "{989530C9-7B15-4BD1-A744-61388DE0BE73}"
	ProjectSection(SolutionItems) = preProject
		.nuget\packages.config = .nuget\packages.config
	EndProjectSection
EndProject
Project("{FAE04EC0-301F-11D3-BF4B-00C04F79EFBC}") = "Mailing", "Mailing\Mailing.csproj", "{A1837349-78D8-4BC0-B8AF-09AD57F26EEA}"
EndProject
Project("{FAE04EC0-301F-11D3-BF4B-00C04F79EFBC}") = "MailingApi", "MailingApi\MailingApi.csproj", "{10DB6971-7487-4003-986D-932E7712BAA5}"
EndProject
Global
	GlobalSection(SolutionConfigurationPlatforms) = preSolution
		Debug|Any CPU = Debug|Any CPU
		Release|Any CPU = Release|Any CPU
	EndGlobalSection
	GlobalSection(ProjectConfigurationPlatforms) = postSolution
		{7741DAFA-A6BF-4DB5-A3B5-F987B6B315D1}.Debug|Any CPU.ActiveCfg = Debug|Any CPU
		{7741DAFA-A6BF-4DB5-A3B5-F987B6B315D1}.Debug|Any CPU.Build.0 = Debug|Any CPU
		{7741DAFA-A6BF-4DB5-A3B5-F987B6B315D1}.Release|Any CPU.ActiveCfg = Release|Any CPU
		{7741DAFA-A6BF-4DB5-A3B5-F987B6B315D1}.Release|Any CPU.Build.0 = Release|Any CPU
		{5B16EA32-A18C-4824-87C7-07C4CE61B844}.Debug|Any CPU.ActiveCfg = Debug|Any CPU
		{5B16EA32-A18C-4824-87C7-07C4CE61B844}.Debug|Any CPU.Build.0 = Debug|Any CPU
		{5B16EA32-A18C-4824-87C7-07C4CE61B844}.Release|Any CPU.ActiveCfg = Release|Any CPU
		{5B16EA32-A18C-4824-87C7-07C4CE61B844}.Release|Any CPU.Build.0 = Release|Any CPU
		{BEA9BB36-C58E-4629-AF41-BB626314D169}.Debug|Any CPU.ActiveCfg = Debug|Any CPU
		{BEA9BB36-C58E-4629-AF41-BB626314D169}.Debug|Any CPU.Build.0 = Debug|Any CPU
		{BEA9BB36-C58E-4629-AF41-BB626314D169}.Release|Any CPU.ActiveCfg = Release|Any CPU
		{BEA9BB36-C58E-4629-AF41-BB626314D169}.Release|Any CPU.Build.0 = Release|Any CPU
		{7196C972-89CF-43BA-9A83-09C522D9D652}.Debug|Any CPU.ActiveCfg = Debug|Any CPU
		{7196C972-89CF-43BA-9A83-09C522D9D652}.Debug|Any CPU.Build.0 = Debug|Any CPU
		{7196C972-89CF-43BA-9A83-09C522D9D652}.Release|Any CPU.ActiveCfg = Release|Any CPU
		{7196C972-89CF-43BA-9A83-09C522D9D652}.Release|Any CPU.Build.0 = Release|Any CPU
		{DC8D5DFB-B7E3-4DA6-8761-A1F86D682330}.Debug|Any CPU.ActiveCfg = Debug|Any CPU
		{DC8D5DFB-B7E3-4DA6-8761-A1F86D682330}.Debug|Any CPU.Build.0 = Debug|Any CPU
		{DC8D5DFB-B7E3-4DA6-8761-A1F86D682330}.Release|Any CPU.ActiveCfg = Release|Any CPU
		{DC8D5DFB-B7E3-4DA6-8761-A1F86D682330}.Release|Any CPU.Build.0 = Release|Any CPU
		{DA09BD15-8C2A-439E-9587-4272F114D9B3}.Debug|Any CPU.ActiveCfg = Debug|Any CPU
		{DA09BD15-8C2A-439E-9587-4272F114D9B3}.Debug|Any CPU.Build.0 = Debug|Any CPU
		{DA09BD15-8C2A-439E-9587-4272F114D9B3}.Release|Any CPU.ActiveCfg = Release|Any CPU
		{DA09BD15-8C2A-439E-9587-4272F114D9B3}.Release|Any CPU.Build.0 = Release|Any CPU
		{3DC43402-0012-42B1-A854-F755A002F553}.Debug|Any CPU.ActiveCfg = Debug|Any CPU
		{3DC43402-0012-42B1-A854-F755A002F553}.Debug|Any CPU.Build.0 = Debug|Any CPU
		{3DC43402-0012-42B1-A854-F755A002F553}.Release|Any CPU.ActiveCfg = Release|Any CPU
		{3DC43402-0012-42B1-A854-F755A002F553}.Release|Any CPU.Build.0 = Release|Any CPU
		{F18A2806-171F-428B-ACAA-8903C1FFDE35}.Debug|Any CPU.ActiveCfg = Debug|Any CPU
		{F18A2806-171F-428B-ACAA-8903C1FFDE35}.Debug|Any CPU.Build.0 = Debug|Any CPU
		{F18A2806-171F-428B-ACAA-8903C1FFDE35}.Release|Any CPU.ActiveCfg = Release|Any CPU
		{F18A2806-171F-428B-ACAA-8903C1FFDE35}.Release|Any CPU.Build.0 = Release|Any CPU
		{E0BED223-BA2B-4BD6-A479-22A8B82868D4}.Debug|Any CPU.ActiveCfg = Debug|Any CPU
		{E0BED223-BA2B-4BD6-A479-22A8B82868D4}.Debug|Any CPU.Build.0 = Debug|Any CPU
		{E0BED223-BA2B-4BD6-A479-22A8B82868D4}.Release|Any CPU.ActiveCfg = Release|Any CPU
		{E0BED223-BA2B-4BD6-A479-22A8B82868D4}.Release|Any CPU.Build.0 = Release|Any CPU
		{35FB5D0F-D41E-4C79-96E4-8164F725B0B3}.Debug|Any CPU.ActiveCfg = Debug|Any CPU
		{35FB5D0F-D41E-4C79-96E4-8164F725B0B3}.Debug|Any CPU.Build.0 = Debug|Any CPU
		{35FB5D0F-D41E-4C79-96E4-8164F725B0B3}.Release|Any CPU.ActiveCfg = Release|Any CPU
		{35FB5D0F-D41E-4C79-96E4-8164F725B0B3}.Release|Any CPU.Build.0 = Release|Any CPU
		{796941A7-C22D-4B87-BA84-3C4B0DA978FF}.Debug|Any CPU.ActiveCfg = Debug|Any CPU
		{796941A7-C22D-4B87-BA84-3C4B0DA978FF}.Debug|Any CPU.Build.0 = Debug|Any CPU
		{796941A7-C22D-4B87-BA84-3C4B0DA978FF}.Release|Any CPU.ActiveCfg = Release|Any CPU
		{796941A7-C22D-4B87-BA84-3C4B0DA978FF}.Release|Any CPU.Build.0 = Release|Any CPU
		{A1837349-78D8-4BC0-B8AF-09AD57F26EEA}.Debug|Any CPU.ActiveCfg = Debug|Any CPU
		{A1837349-78D8-4BC0-B8AF-09AD57F26EEA}.Debug|Any CPU.Build.0 = Debug|Any CPU
		{A1837349-78D8-4BC0-B8AF-09AD57F26EEA}.Release|Any CPU.ActiveCfg = Release|Any CPU
		{A1837349-78D8-4BC0-B8AF-09AD57F26EEA}.Release|Any CPU.Build.0 = Release|Any CPU
		{10DB6971-7487-4003-986D-932E7712BAA5}.Debug|Any CPU.ActiveCfg = Debug|Any CPU
		{10DB6971-7487-4003-986D-932E7712BAA5}.Debug|Any CPU.Build.0 = Debug|Any CPU
		{10DB6971-7487-4003-986D-932E7712BAA5}.Release|Any CPU.ActiveCfg = Release|Any CPU
		{10DB6971-7487-4003-986D-932E7712BAA5}.Release|Any CPU.Build.0 = Release|Any CPU
	EndGlobalSection
	GlobalSection(SolutionProperties) = preSolution
		HideSolutionNode = FALSE
	EndGlobalSection
	GlobalSection(NestedProjects) = preSolution
		{F18A2806-171F-428B-ACAA-8903C1FFDE35} = {9EF2634E-F01F-4BAE-BBC0-552198D6D145}
		{796941A7-C22D-4B87-BA84-3C4B0DA978FF} = {9EF2634E-F01F-4BAE-BBC0-552198D6D145}
	EndGlobalSection
EndGlobal
